
Microsoft Visual Studio Solution File, Format Version 12.00
# Visual Studio Version 16
VisualStudioVersion = 16.0.31205.134
MinimumVisualStudioVersion = 10.0.40219.1
Project("{FAE04EC0-301F-11D3-BF4B-00C04F79EFBC}") = "ActiveDirectoryHelper", "ActiveDirectoryHelper.csproj", "{A21F93F8-9110-444A-82AE-8A33C69B1217}"
EndProject
Global
	GlobalSection(SolutionConfigurationPlatforms) = preSolution
		Debug|Any CPU = Debug|Any CPU
		Release|Any CPU = Release|Any CPU
	EndGlobalSection
	GlobalSection(ProjectConfigurationPlatforms) = postSolution
		{A21F93F8-9110-444A-82AE-8A33C69B1217}.Debug|Any CPU.ActiveCfg = Debug|Any CPU
		{A21F93F8-9110-444A-82AE-8A33C69B1217}.Debug|Any CPU.Build.0 = Debug|Any CPU
		{A21F93F8-9110-444A-82AE-8A33C69B1217}.Release|Any CPU.ActiveCfg = Release|Any CPU
		{A21F93F8-9110-444A-82AE-8A33C69B1217}.Release|Any CPU.Build.0 = Release|Any CPU
	EndGlobalSection
	GlobalSection(SolutionProperties) = preSolution
		HideSolutionNode = FALSE
	EndGlobalSection
	GlobalSection(ExtensibilityGlobals) = postSolution
		SolutionGuid = {82BBDAEA-6960-4A14-BB6D-E7684FD5EE9C}
	EndGlobalSection
EndGlobal
